
Microsoft Visual Studio Solution File, Format Version 12.00
# Visual Studio Version 17
VisualStudioVersion = 17.4.33205.214
MinimumVisualStudioVersion = 10.0.40219.1
Project("{9A19103F-16F7-4668-BE54-9A1E7A4F7556}") = "ZadachaZaPregovor", "ZadachaZaPregovor.csproj", "{EBA6BC5B-6EA3-4914-95F5-084DF1237EF6}"
EndProject
Project("{9A19103F-16F7-4668-BE54-9A1E7A4F7556}") = "DefiniraneNaPoleta-Svoystva", "..\DefiniraneNaPoleta-Svoystva\DefiniraneNaPoleta-Svoystva.csproj", "{C2C5D15B-C065-499D-A2B5-DCAC89C313D0}"
EndProject
Project("{9A19103F-16F7-4668-BE54-9A1E7A4F7556}") = "Desk", "..\Desk\Desk.csproj", "{20D4AA5D-32EF-4AA0-A36A-E4E2EF58A351}"
EndProject
Project("{9A19103F-16F7-4668-BE54-9A1E7A4F7556}") = "StudentWithBackpack", "..\StudentWithBackpack\StudentWithBackpack.csproj", "{6C3D476E-BFA3-4976-80C8-7467CD4A8DCB}"
EndProject
Project("{9A19103F-16F7-4668-BE54-9A1E7A4F7556}") = "NameSpacesDemo", "..\NameSpacesDemo\NameSpacesDemo.csproj", "{8DF2CAAD-3EDF-4558-8EFF-608C41546432}"
EndProject
Project("{9A19103F-16F7-4668-BE54-9A1E7A4F7556}") = "StaticAndNonStaticDemo", "..\StaticAndNonStaticDemo\StaticAndNonStaticDemo.csproj", "{DCB6BB94-C885-438D-B92D-F15CB402A731}"
EndProject
Project("{9A19103F-16F7-4668-BE54-9A1E7A4F7556}") = "MethodsDemo", "..\MethodsDemo\MethodsDemo.csproj", "{70E1D99C-CE13-4784-9FC4-86B9A626FE36}"
EndProject
Project("{9A19103F-16F7-4668-BE54-9A1E7A4F7556}") = "Enumerations", "..\Enumerations\Enumerations.csproj", "{DF575805-76B0-4309-B36E-CDC586F3C28C}"
EndProject
Project("{9A19103F-16F7-4668-BE54-9A1E7A4F7556}") = "ContstructorsDemo", "..\ContstructorsDemo\ContstructorsDemo.csproj", "{1BD10B96-535C-467E-B26A-A8AED161AADE}"
EndProject
Project("{9A19103F-16F7-4668-BE54-9A1E7A4F7556}") = "CandyShop", "..\CandyShop\CandyShop.csproj", "{F676BCB1-23ED-476E-B019-C620546ED88F}"
EndProject
Project("{9A19103F-16F7-4668-BE54-9A1E7A4F7556}") = "StaticConstructorDestructorStackAndHeap", "..\StaticConstructorDestructorStackAndHeap\StaticConstructorDestructorStackAndHeap.csproj", "{58053808-1B96-435F-96C5-049A3F997B28}"
EndProject
Project("{FAE04EC0-301F-11D3-BF4B-00C04F79EFBC}") = "StackAndHeap", "..\StackAndHeap\StackAndHeap.csproj", "{7A4F2098-CB85-4FF6-83F9-A44E7367395E}"
EndProject
Global
	GlobalSection(SolutionConfigurationPlatforms) = preSolution
		Debug|Any CPU = Debug|Any CPU
		Release|Any CPU = Release|Any CPU
	EndGlobalSection
	GlobalSection(ProjectConfigurationPlatforms) = postSolution
		{EBA6BC5B-6EA3-4914-95F5-084DF1237EF6}.Debug|Any CPU.ActiveCfg = Debug|Any CPU
		{EBA6BC5B-6EA3-4914-95F5-084DF1237EF6}.Debug|Any CPU.Build.0 = Debug|Any CPU
		{EBA6BC5B-6EA3-4914-95F5-084DF1237EF6}.Release|Any CPU.ActiveCfg = Release|Any CPU
		{EBA6BC5B-6EA3-4914-95F5-084DF1237EF6}.Release|Any CPU.Build.0 = Release|Any CPU
		{C2C5D15B-C065-499D-A2B5-DCAC89C313D0}.Debug|Any CPU.ActiveCfg = Debug|Any CPU
		{C2C5D15B-C065-499D-A2B5-DCAC89C313D0}.Debug|Any CPU.Build.0 = Debug|Any CPU
		{C2C5D15B-C065-499D-A2B5-DCAC89C313D0}.Release|Any CPU.ActiveCfg = Release|Any CPU
		{C2C5D15B-C065-499D-A2B5-DCAC89C313D0}.Release|Any CPU.Build.0 = Release|Any CPU
		{20D4AA5D-32EF-4AA0-A36A-E4E2EF58A351}.Debug|Any CPU.ActiveCfg = Debug|Any CPU
		{20D4AA5D-32EF-4AA0-A36A-E4E2EF58A351}.Debug|Any CPU.Build.0 = Debug|Any CPU
		{20D4AA5D-32EF-4AA0-A36A-E4E2EF58A351}.Release|Any CPU.ActiveCfg = Release|Any CPU
		{20D4AA5D-32EF-4AA0-A36A-E4E2EF58A351}.Release|Any CPU.Build.0 = Release|Any CPU
		{6C3D476E-BFA3-4976-80C8-7467CD4A8DCB}.Debug|Any CPU.ActiveCfg = Debug|Any CPU
		{6C3D476E-BFA3-4976-80C8-7467CD4A8DCB}.Debug|Any CPU.Build.0 = Debug|Any CPU
		{6C3D476E-BFA3-4976-80C8-7467CD4A8DCB}.Release|Any CPU.ActiveCfg = Release|Any CPU
		{6C3D476E-BFA3-4976-80C8-7467CD4A8DCB}.Release|Any CPU.Build.0 = Release|Any CPU
		{8DF2CAAD-3EDF-4558-8EFF-608C41546432}.Debug|Any CPU.ActiveCfg = Debug|Any CPU
		{8DF2CAAD-3EDF-4558-8EFF-608C41546432}.Debug|Any CPU.Build.0 = Debug|Any CPU
		{8DF2CAAD-3EDF-4558-8EFF-608C41546432}.Release|Any CPU.ActiveCfg = Release|Any CPU
		{8DF2CAAD-3EDF-4558-8EFF-608C41546432}.Release|Any CPU.Build.0 = Release|Any CPU
		{DCB6BB94-C885-438D-B92D-F15CB402A731}.Debug|Any CPU.ActiveCfg = Debug|Any CPU
		{DCB6BB94-C885-438D-B92D-F15CB402A731}.Debug|Any CPU.Build.0 = Debug|Any CPU
		{DCB6BB94-C885-438D-B92D-F15CB402A731}.Release|Any CPU.ActiveCfg = Release|Any CPU
		{DCB6BB94-C885-438D-B92D-F15CB402A731}.Release|Any CPU.Build.0 = Release|Any CPU
		{70E1D99C-CE13-4784-9FC4-86B9A626FE36}.Debug|Any CPU.ActiveCfg = Debug|Any CPU
		{70E1D99C-CE13-4784-9FC4-86B9A626FE36}.Debug|Any CPU.Build.0 = Debug|Any CPU
		{70E1D99C-CE13-4784-9FC4-86B9A626FE36}.Release|Any CPU.ActiveCfg = Release|Any CPU
		{70E1D99C-CE13-4784-9FC4-86B9A626FE36}.Release|Any CPU.Build.0 = Release|Any CPU
		{DF575805-76B0-4309-B36E-CDC586F3C28C}.Debug|Any CPU.ActiveCfg = Debug|Any CPU
		{DF575805-76B0-4309-B36E-CDC586F3C28C}.Debug|Any CPU.Build.0 = Debug|Any CPU
		{DF575805-76B0-4309-B36E-CDC586F3C28C}.Release|Any CPU.ActiveCfg = Release|Any CPU
		{DF575805-76B0-4309-B36E-CDC586F3C28C}.Release|Any CPU.Build.0 = Release|Any CPU
		{1BD10B96-535C-467E-B26A-A8AED161AADE}.Debug|Any CPU.ActiveCfg = Debug|Any CPU
		{1BD10B96-535C-467E-B26A-A8AED161AADE}.Debug|Any CPU.Build.0 = Debug|Any CPU
		{1BD10B96-535C-467E-B26A-A8AED161AADE}.Release|Any CPU.ActiveCfg = Release|Any CPU
		{1BD10B96-535C-467E-B26A-A8AED161AADE}.Release|Any CPU.Build.0 = Release|Any CPU
		{F676BCB1-23ED-476E-B019-C620546ED88F}.Debug|Any CPU.ActiveCfg = Debug|Any CPU
		{F676BCB1-23ED-476E-B019-C620546ED88F}.Debug|Any CPU.Build.0 = Debug|Any CPU
		{F676BCB1-23ED-476E-B019-C620546ED88F}.Release|Any CPU.ActiveCfg = Release|Any CPU
		{F676BCB1-23ED-476E-B019-C620546ED88F}.Release|Any CPU.Build.0 = Release|Any CPU
		{58053808-1B96-435F-96C5-049A3F997B28}.Debug|Any CPU.ActiveCfg = Debug|Any CPU
		{58053808-1B96-435F-96C5-049A3F997B28}.Debug|Any CPU.Build.0 = Debug|Any CPU
		{58053808-1B96-435F-96C5-049A3F997B28}.Release|Any CPU.ActiveCfg = Release|Any CPU
		{58053808-1B96-435F-96C5-049A3F997B28}.Release|Any CPU.Build.0 = Release|Any CPU
		{7A4F2098-CB85-4FF6-83F9-A44E7367395E}.Debug|Any CPU.ActiveCfg = Debug|Any CPU
		{7A4F2098-CB85-4FF6-83F9-A44E7367395E}.Debug|Any CPU.Build.0 = Debug|Any CPU
		{7A4F2098-CB85-4FF6-83F9-A44E7367395E}.Release|Any CPU.ActiveCfg = Release|Any CPU
		{7A4F2098-CB85-4FF6-83F9-A44E7367395E}.Release|Any CPU.Build.0 = Release|Any CPU
	EndGlobalSection
	GlobalSection(SolutionProperties) = preSolution
		HideSolutionNode = FALSE
	EndGlobalSection
	GlobalSection(ExtensibilityGlobals) = postSolution
		SolutionGuid = {E4B0F5D4-95F7-40CA-99D0-C569CAB49A59}
	EndGlobalSection
EndGlobal
